
Microsoft Visual Studio Solution File, Format Version 12.00
# Visual Studio 15
Project("{FAE04EC0-301F-11D3-BF4B-00C04F79EFBC}") = "Assembly-CSharp", "Assembly-CSharp.csproj", "{D4BC456E-638D-3013-9973-F227DE1AB56A}"
EndProject
Project("{FAE04EC0-301F-11D3-BF4B-00C04F79EFBC}") = "Assembly-CSharp-Editor", "Assembly-CSharp-Editor.csproj", "{2A84108F-5231-A33A-6202-1CC932505F9A}"
EndProject
Global
	GlobalSection(SolutionConfigurationPlatforms) = preSolution
		Debug|Any CPU = Debug|Any CPU
		Release|Any CPU = Release|Any CPU
	EndGlobalSection
	GlobalSection(ProjectConfigurationPlatforms) = postSolution
		{D4BC456E-638D-3013-9973-F227DE1AB56A}.Debug|Any CPU.ActiveCfg = Debug|Any CPU
		{D4BC456E-638D-3013-9973-F227DE1AB56A}.Debug|Any CPU.Build.0 = Debug|Any CPU
		{D4BC456E-638D-3013-9973-F227DE1AB56A}.Release|Any CPU.ActiveCfg = Release|Any CPU
		{D4BC456E-638D-3013-9973-F227DE1AB56A}.Release|Any CPU.Build.0 = Release|Any CPU
		{2A84108F-5231-A33A-6202-1CC932505F9A}.Debug|Any CPU.ActiveCfg = Debug|Any CPU
		{2A84108F-5231-A33A-6202-1CC932505F9A}.Debug|Any CPU.Build.0 = Debug|Any CPU
		{2A84108F-5231-A33A-6202-1CC932505F9A}.Release|Any CPU.ActiveCfg = Release|Any CPU
		{2A84108F-5231-A33A-6202-1CC932505F9A}.Release|Any CPU.Build.0 = Release|Any CPU
	EndGlobalSection
	GlobalSection(SolutionProperties) = preSolution
		HideSolutionNode = FALSE
	EndGlobalSection
EndGlobal
